# THIS IS AN AUTOGENERATED FILE. DO NOT EDIT THIS FILE DIRECTLY.
# yarn lockfile v1


mobx-react-lite@2:
  version "2.0.6"
  resolved "https://registry.yarnpkg.com/mobx-react-lite/-/mobx-react-lite-2.0.6.tgz#e1307a2b271c6a6016c8ad815a25014b7f95997d"
  integrity sha512-h/5GqxNIoSqnjt7SHxVtU7i1Kg0Xoxj853amzmzLgLRZKK9WwPc9tMuawW79ftmFSQhML0Zwt8kEuG1DIjQNBA==

mobx-react@^6.2.2:
  version "6.2.2"
  resolved "https://registry.yarnpkg.com/mobx-react/-/mobx-react-6.2.2.tgz#45e8e7c4894cac8399bba0a91060d7cfb8ea084b"
  integrity sha512-Us6V4ng/iKIRJ8pWxdbdysC6bnS53ZKLKlVGBqzHx6J+gYPYbOotWvhHZnzh/W5mhpYXxlXif4kL2cxoWJOplQ==
  dependencies:
    mobx-react-lite "2"

prettier@^2.0.5:
  version "2.0.5"
  resolved "https://registry.yarnpkg.com/prettier/-/prettier-2.0.5.tgz#d6d56282455243f2f92cc1716692c08aa31522d4"
  integrity sha512-7PtVymN48hGcO4fGjybyBSIWDsLU4H4XlvOHfq91pz9kkGlonzwTfYkaIEwiRg/dAJF9YlbsduBAgtYLi+8cFg==

typecript@^0.0.1-security:
  version "0.0.1-security"
  resolved "https://registry.yarnpkg.com/typecript/-/typecript-0.0.1-security.tgz#b363125e19f0516e927d99aa1546044cc0cb9595"
  integrity sha512-88WUWdO0zl/cC+X44m7TJkNssn0sTwZOSAyZu7ZmY6BfGJ4idVWJGjFmd6wEjS3yhWUYrAszzNMHZMIJ7h3ycg==
